
Microsoft Visual Studio Solution File, Format Version 12.00
# Visual Studio Version 17
VisualStudioVersion = 17.5.2.0
MinimumVisualStudioVersion = 10.0.40219.1
Project("{FAE04EC0-301F-11D3-BF4B-00C04F79EFBC}") = "task-management-api", "task-management-api\task-management-api.csproj", "{48CA419D-04F1-9C22-AC96-152C962BCA75}"
EndProject
Project("{FAE04EC0-301F-11D3-BF4B-00C04F79EFBC}") = "TaskContracts", "TaskContracts\TaskContracts.csproj", "{1EA5467A-1CBD-47CE-8FD7-A83450F490EA}"
EndProject
Project("{FAE04EC0-301F-11D3-BF4B-00C04F79EFBC}") = "TaskEmailService", "TaskEmailService\TaskEmailService.csproj", "{6CFF34C3-0D86-2EDF-2037-135F486E03B9}"
EndProject
Global
	GlobalSection(SolutionConfigurationPlatforms) = preSolution
		Debug|Any CPU = Debug|Any CPU
		Release|Any CPU = Release|Any CPU
	EndGlobalSection
	GlobalSection(ProjectConfigurationPlatforms) = postSolution
		{48CA419D-04F1-9C22-AC96-152C962BCA75}.Debug|Any CPU.ActiveCfg = Debug|Any CPU
		{48CA419D-04F1-9C22-AC96-152C962BCA75}.Debug|Any CPU.Build.0 = Debug|Any CPU
		{48CA419D-04F1-9C22-AC96-152C962BCA75}.Release|Any CPU.ActiveCfg = Release|Any CPU
		{48CA419D-04F1-9C22-AC96-152C962BCA75}.Release|Any CPU.Build.0 = Release|Any CPU
		{1EA5467A-1CBD-47CE-8FD7-A83450F490EA}.Debug|Any CPU.ActiveCfg = Debug|Any CPU
		{1EA5467A-1CBD-47CE-8FD7-A83450F490EA}.Debug|Any CPU.Build.0 = Debug|Any CPU
		{1EA5467A-1CBD-47CE-8FD7-A83450F490EA}.Release|Any CPU.ActiveCfg = Release|Any CPU
		{1EA5467A-1CBD-47CE-8FD7-A83450F490EA}.Release|Any CPU.Build.0 = Release|Any CPU
		{6CFF34C3-0D86-2EDF-2037-135F486E03B9}.Debug|Any CPU.ActiveCfg = Debug|Any CPU
		{6CFF34C3-0D86-2EDF-2037-135F486E03B9}.Debug|Any CPU.Build.0 = Debug|Any CPU
		{6CFF34C3-0D86-2EDF-2037-135F486E03B9}.Release|Any CPU.ActiveCfg = Release|Any CPU
		{6CFF34C3-0D86-2EDF-2037-135F486E03B9}.Release|Any CPU.Build.0 = Release|Any CPU
	EndGlobalSection
	GlobalSection(SolutionProperties) = preSolution
		HideSolutionNode = FALSE
	EndGlobalSection
	GlobalSection(ExtensibilityGlobals) = postSolution
		SolutionGuid = {6029CD4F-5EC1-4BC8-A94F-AEDF382F1805}
	EndGlobalSection
EndGlobal
